// !$*UTF8*$!
{
	archiveVersion = 1;
	classes = {
	};
	objectVersion = 46;
	objects = {

/* Begin PBXBuildFile section */
		2F1B6E131BFC5E850040B1AF /* WSexceple.m in Sources */ = {isa = PBXBuildFile; fileRef = 2F1B6E121BFC5E850040B1AF /* WSexceple.m */; };
		2F1B6E161BFC60E60040B1AF /* WSCell.m in Sources */ = {isa = PBXBuildFile; fileRef = 2F1B6E151BFC60E60040B1AF /* WSCell.m */; };
		2F1B6E181BFC60F90040B1AF /* WSCell.xib in Resources */ = {isa = PBXBuildFile; fileRef = 2F1B6E171BFC60F90040B1AF /* WSCell.xib */; };
		2F3139461BFC013D0060668D /* main.m in Sources */ = {isa = PBXBuildFile; fileRef = 2F3139451BFC013D0060668D /* main.m */; };
		2F3139491BFC013D0060668D /* AppDelegate.m in Sources */ = {isa = PBXBuildFile; fileRef = 2F3139481BFC013D0060668D /* AppDelegate.m */; };
		2F31394C1BFC013D0060668D /* ViewController.m in Sources */ = {isa = PBXBuildFile; fileRef = 2F31394B1BFC013D0060668D /* ViewController.m */; };
		2F31394F1BFC013D0060668D /* Main.storyboard in Resources */ = {isa = PBXBuildFile; fileRef = 2F31394D1BFC013D0060668D /* Main.storyboard */; };
		2F3139511BFC013D0060668D /* Assets.xcassets in Resources */ = {isa = PBXBuildFile; fileRef = 2F3139501BFC013D0060668D /* Assets.xcassets */; };
		2F3139541BFC013D0060668D /* LaunchScreen.storyboard in Resources */ = {isa = PBXBuildFile; fileRef = 2F3139521BFC013D0060668D /* LaunchScreen.storyboard */; };
		2F31395F1BFC013D0060668D /* mouseTests.m in Sources */ = {isa = PBXBuildFile; fileRef = 2F31395E1BFC013D0060668D /* mouseTests.m */; };
		2F31396A1BFC013D0060668D /* mouseUITests.m in Sources */ = {isa = PBXBuildFile; fileRef = 2F3139691BFC013D0060668D /* mouseUITests.m */; };
		2F31398B1BFC0E310060668D /* AFHTTPRequestOperation.m in Sources */ = {isa = PBXBuildFile; fileRef = 2F3139791BFC0E310060668D /* AFHTTPRequestOperation.m */; };
		2F31398C1BFC0E310060668D /* AFHTTPRequestOperationManager.m in Sources */ = {isa = PBXBuildFile; fileRef = 2F31397B1BFC0E310060668D /* AFHTTPRequestOperationManager.m */; };
		2F31398D1BFC0E310060668D /* AFHTTPSessionManager.m in Sources */ = {isa = PBXBuildFile; fileRef = 2F31397D1BFC0E310060668D /* AFHTTPSessionManager.m */; };
		2F31398E1BFC0E310060668D /* AFNetworkReachabilityManager.m in Sources */ = {isa = PBXBuildFile; fileRef = 2F3139801BFC0E310060668D /* AFNetworkReachabilityManager.m */; };
		2F31398F1BFC0E310060668D /* AFSecurityPolicy.m in Sources */ = {isa = PBXBuildFile; fileRef = 2F3139821BFC0E310060668D /* AFSecurityPolicy.m */; };
		2F3139901BFC0E310060668D /* AFURLConnectionOperation.m in Sources */ = {isa = PBXBuildFile; fileRef = 2F3139841BFC0E310060668D /* AFURLConnectionOperation.m */; };
		2F3139911BFC0E310060668D /* AFURLRequestSerialization.m in Sources */ = {isa = PBXBuildFile; fileRef = 2F3139861BFC0E310060668D /* AFURLRequestSerialization.m */; };
		2F3139921BFC0E310060668D /* AFURLResponseSerialization.m in Sources */ = {isa = PBXBuildFile; fileRef = 2F3139881BFC0E310060668D /* AFURLResponseSerialization.m */; };
		2F3139931BFC0E310060668D /* AFURLSessionManager.m in Sources */ = {isa = PBXBuildFile; fileRef = 2F31398A1BFC0E310060668D /* AFURLSessionManager.m */; };
/* End PBXBuildFile section */

/* Begin PBXContainerItemProxy section */
		2F31395B1BFC013D0060668D /* PBXContainerItemProxy */ = {
			isa = PBXContainerItemProxy;
			containerPortal = 2F3139391BFC013D0060668D /* Project object */;
			proxyType = 1;
			remoteGlobalIDString = 2F3139401BFC013D0060668D;
			remoteInfo = mouse;
		};
		2F3139661BFC013D0060668D /* PBXContainerItemProxy */ = {
			isa = PBXContainerItemProxy;
			containerPortal = 2F3139391BFC013D0060668D /* Project object */;
			proxyType = 1;
			remoteGlobalIDString = 2F3139401BFC013D0060668D;
			remoteInfo = mouse;
		};
/* End PBXContainerItemProxy section */

/* Begin PBXFileReference section */
		2F1B6E111BFC5E850040B1AF /* WSexceple.h */ = {isa = PBXFileReference; fileEncoding = 4; lastKnownFileType = sourcecode.c.h; path = WSexceple.h; sourceTree = "<group>"; };
		2F1B6E121BFC5E850040B1AF /* WSexceple.m */ = {isa = PBXFileReference; fileEncoding = 4; lastKnownFileType = sourcecode.c.objc; path = WSexceple.m; sourceTree = "<group>"; };
		2F1B6E141BFC60E60040B1AF /* WSCell.h */ = {isa = PBXFileReference; fileEncoding = 4; lastKnownFileType = sourcecode.c.h; path = WSCell.h; sourceTree = "<group>"; };
		2F1B6E151BFC60E60040B1AF /* WSCell.m */ = {isa = PBXFileReference; fileEncoding = 4; lastKnownFileType = sourcecode.c.objc; path = WSCell.m; sourceTree = "<group>"; };
		2F1B6E171BFC60F90040B1AF /* WSCell.xib */ = {isa = PBXFileReference; fileEncoding = 4; lastKnownFileType = file.xib; path = WSCell.xib; sourceTree = "<group>"; };
		2F3139411BFC013D0060668D /* mouse.app */ = {isa = PBXFileReference; explicitFileType = wrapper.application; includeInIndex = 0; path = mouse.app; sourceTree = BUILT_PRODUCTS_DIR; };
		2F3139451BFC013D0060668D /* main.m */ = {isa = PBXFileReference; lastKnownFileType = sourcecode.c.objc; path = main.m; sourceTree = "<group>"; };
		2F3139471BFC013D0060668D /* AppDelegate.h */ = {isa = PBXFileReference; lastKnownFileType = sourcecode.c.h; path = AppDelegate.h; sourceTree = "<group>"; };
		2F3139481BFC013D0060668D /* AppDelegate.m */ = {isa = PBXFileReference; lastKnownFileType = sourcecode.c.objc; path = AppDelegate.m; sourceTree = "<group>"; };
		2F31394A1BFC013D0060668D /* ViewController.h */ = {isa = PBXFileReference; lastKnownFileType = sourcecode.c.h; path = ViewController.h; sourceTree = "<group>"; };
		2F31394B1BFC013D0060668D /* ViewController.m */ = {isa = PBXFileReference; lastKnownFileType = sourcecode.c.objc; path = ViewController.m; sourceTree = "<group>"; };
		2F31394E1BFC013D0060668D /* Base */ = {isa = PBXFileReference; lastKnownFileType = file.storyboard; name = Base; path = Base.lproj/Main.storyboard; sourceTree = "<group>"; };
		2F3139501BFC013D0060668D /* Assets.xcassets */ = {isa = PBXFileReference; lastKnownFileType = folder.assetcatalog; path = Assets.xcassets; sourceTree = "<group>"; };
		2F3139531BFC013D0060668D /* Base */ = {isa = PBXFileReference; lastKnownFileType = file.storyboard; name = Base; path = Base.lproj/LaunchScreen.storyboard; sourceTree = "<group>"; };
		2F3139551BFC013D0060668D /* Info.plist */ = {isa = PBXFileReference; lastKnownFileType = text.plist.xml; path = Info.plist; sourceTree = "<group>"; };
		2F31395A1BFC013D0060668D /* mouseTests.xctest */ = {isa = PBXFileReference; explicitFileType = wrapper.cfbundle; includeInIndex = 0; path = mouseTests.xctest; sourceTree = BUILT_PRODUCTS_DIR; };
		2F31395E1BFC013D0060668D /* mouseTests.m */ = {isa = PBXFileReference; lastKnownFileType = sourcecode.c.objc; path = mouseTests.m; sourceTree = "<group>"; };
		2F3139601BFC013D0060668D /* Info.plist */ = {isa = PBXFileReference; lastKnownFileType = text.plist.xml; path = Info.plist; sourceTree = "<group>"; };
		2F3139651BFC013D0060668D /* mouseUITests.xctest */ = {isa = PBXFileReference; explicitFileType = wrapper.cfbundle; includeInIndex = 0; path = mouseUITests.xctest; sourceTree = BUILT_PRODUCTS_DIR; };
		2F3139691BFC013D0060668D /* mouseUITests.m */ = {isa = PBXFileReference; lastKnownFileType = sourcecode.c.objc; path = mouseUITests.m; sourceTree = "<group>"; };
		2F31396B1BFC013D0060668D /* Info.plist */ = {isa = PBXFileReference; lastKnownFileType = text.plist.xml; path = Info.plist; sourceTree = "<group>"; };
		2F3139781BFC0E310060668D /* AFHTTPRequestOperation.h */ = {isa = PBXFileReference; fileEncoding = 4; lastKnownFileType = sourcecode.c.h; path = AFHTTPRequestOperation.h; sourceTree = "<group>"; };
		2F3139791BFC0E310060668D /* AFHTTPRequestOperation.m */ = {isa = PBXFileReference; fileEncoding = 4; lastKnownFileType = sourcecode.c.objc; path = AFHTTPRequestOperation.m; sourceTree = "<group>"; };
		2F31397A1BFC0E310060668D /* AFHTTPRequestOperationManager.h */ = {isa = PBXFileReference; fileEncoding = 4; lastKnownFileType = sourcecode.c.h; path = AFHTTPRequestOperationManager.h; sourceTree = "<group>"; };
		2F31397B1BFC0E310060668D /* AFHTTPRequestOperationManager.m */ = {isa = PBXFileReference; fileEncoding = 4; lastKnownFileType = sourcecode.c.objc; path = AFHTTPRequestOperationManager.m; sourceTree = "<group>"; };
		2F31397C1BFC0E310060668D /* AFHTTPSessionManager.h */ = {isa = PBXFileReference; fileEncoding = 4; lastKnownFileType = sourcecode.c.h; path = AFHTTPSessionManager.h; sourceTree = "<group>"; };
		2F31397D1BFC0E310060668D /* AFHTTPSessionManager.m */ = {isa = PBXFileReference; fileEncoding = 4; lastKnownFileType = sourcecode.c.objc; path = AFHTTPSessionManager.m; sourceTree = "<group>"; };
		2F31397E1BFC0E310060668D /* AFNetworking.h */ = {isa = PBXFileReference; fileEncoding = 4; lastKnownFileType = sourcecode.c.h; path = AFNetworking.h; sourceTree = "<group>"; };
		2F31397F1BFC0E310060668D /* AFNetworkReachabilityManager.h */ = {isa = PBXFileReference; fileEncoding = 4; lastKnownFileType = sourcecode.c.h; path = AFNetworkReachabilityManager.h; sourceTree = "<group>"; };
		2F3139801BFC0E310060668D /* AFNetworkReachabilityManager.m */ = {isa = PBXFileReference; fileEncoding = 4; lastKnownFileType = sourcecode.c.objc; path = AFNetworkReachabilityManager.m; sourceTree = "<group>"; };
		2F3139811BFC0E310060668D /* AFSecurityPolicy.h */ = {isa = PBXFileReference; fileEncoding = 4; lastKnownFileType = sourcecode.c.h; path = AFSecurityPolicy.h; sourceTree = "<group>"; };
		2F3139821BFC0E310060668D /* AFSecurityPolicy.m */ = {isa = PBXFileReference; fileEncoding = 4; lastKnownFileType = sourcecode.c.objc; path = AFSecurityPolicy.m; sourceTree = "<group>"; };
		2F3139831BFC0E310060668D /* AFURLConnectionOperation.h */ = {isa = PBXFileReference; fileEncoding = 4; lastKnownFileType = sourcecode.c.h; path = AFURLConnectionOperation.h; sourceTree = "<group>"; };
		2F3139841BFC0E310060668D /* AFURLConnectionOperation.m */ = {isa = PBXFileReference; fileEncoding = 4; lastKnownFileType = sourcecode.c.objc; path = AFURLConnectionOperation.m; sourceTree = "<group>"; };
		2F3139851BFC0E310060668D /* AFURLRequestSerialization.h */ = {isa = PBXFileReference; fileEncoding = 4; lastKnownFileType = sourcecode.c.h; path = AFURLRequestSerialization.h; sourceTree = "<group>"; };
		2F3139861BFC0E310060668D /* AFURLRequestSerialization.m */ = {isa = PBXFileReference; fileEncoding = 4; lastKnownFileType = sourcecode.c.objc; path = AFURLRequestSerialization.m; sourceTree = "<group>"; };
		2F3139871BFC0E310060668D /* AFURLResponseSerialization.h */ = {isa = PBXFileReference; fileEncoding = 4; lastKnownFileType = sourcecode.c.h; path = AFURLResponseSerialization.h; sourceTree = "<group>"; };
		2F3139881BFC0E310060668D /* AFURLResponseSerialization.m */ = {isa = PBXFileReference; fileEncoding = 4; lastKnownFileType = sourcecode.c.objc; path = AFURLResponseSerialization.m; sourceTree = "<group>"; };
		2F3139891BFC0E310060668D /* AFURLSessionManager.h */ = {isa = PBXFileReference; fileEncoding = 4; lastKnownFileType = sourcecode.c.h; path = AFURLSessionManager.h; sourceTree = "<group>"; };
		2F31398A1BFC0E310060668D /* AFURLSessionManager.m */ = {isa = PBXFileReference; fileEncoding = 4; lastKnownFileType = sourcecode.c.objc; path = AFURLSessionManager.m; sourceTree = "<group>"; };
/* End PBXFileReference section */

/* Begin PBXFrameworksBuildPhase section */
		2F31393E1BFC013D0060668D /* Frameworks */ = {
			isa = PBXFrameworksBuildPhase;
			buildActionMask = 2147483647;
			files = (
			);
			runOnlyForDeploymentPostprocessing = 0;
		};
		2F3139571BFC013D0060668D /* Frameworks */ = {
			isa = PBXFrameworksBuildPhase;
			buildActionMask = 2147483647;
			files = (
			);
			runOnlyForDeploymentPostprocessing = 0;
		};
		2F3139621BFC013D0060668D /* Frameworks */ = {
			isa = PBXFrameworksBuildPhase;
			buildActionMask = 2147483647;
			files = (
			);
			runOnlyForDeploymentPostprocessing = 0;
		};
/* End PBXFrameworksBuildPhase section */

/* Begin PBXGroup section */
		2F3139381BFC013D0060668D = {
			isa = PBXGroup;
			children = (
				2F3139431BFC013D0060668D /* mouse */,
				2F31395D1BFC013D0060668D /* mouseTests */,
				2F3139681BFC013D0060668D /* mouseUITests */,
				2F3139421BFC013D0060668D /* Products */,
			);
			sourceTree = "<group>";
		};
		2F3139421BFC013D0060668D /* Products */ = {
			isa = PBXGroup;
			children = (
				2F3139411BFC013D0060668D /* mouse.app */,
				2F31395A1BFC013D0060668D /* mouseTests.xctest */,
				2F3139651BFC013D0060668D /* mouseUITests.xctest */,
			);
			name = Products;
			sourceTree = "<group>";
		};
		2F3139431BFC013D0060668D /* mouse */ = {
			isa = PBXGroup;
			children = (
				2F3139771BFC0E310060668D /* AFNetworking */,
				2F3139471BFC013D0060668D /* AppDelegate.h */,
				2F3139481BFC013D0060668D /* AppDelegate.m */,
				2F31394A1BFC013D0060668D /* ViewController.h */,
				2F31394B1BFC013D0060668D /* ViewController.m */,
				2F31394D1BFC013D0060668D /* Main.storyboard */,
				2F3139501BFC013D0060668D /* Assets.xcassets */,
				2F3139521BFC013D0060668D /* LaunchScreen.storyboard */,
				2F3139551BFC013D0060668D /* Info.plist */,
				2F1B6E111BFC5E850040B1AF /* WSexceple.h */,
				2F1B6E121BFC5E850040B1AF /* WSexceple.m */,
				2F1B6E141BFC60E60040B1AF /* WSCell.h */,
				2F1B6E151BFC60E60040B1AF /* WSCell.m */,
				2F1B6E171BFC60F90040B1AF /* WSCell.xib */,
				2F3139441BFC013D0060668D /* Supporting Files */,
			);
			path = mouse;
			sourceTree = "<group>";
		};
		2F3139441BFC013D0060668D /* Supporting Files */ = {
			isa = PBXGroup;
			children = (
				2F3139451BFC013D0060668D /* main.m */,
			);
			name = "Supporting Files";
			sourceTree = "<group>";
		};
		2F31395D1BFC013D0060668D /* mouseTests */ = {
			isa = PBXGroup;
			children = (
				2F31395E1BFC013D0060668D /* mouseTests.m */,
				2F3139601BFC013D0060668D /* Info.plist */,
			);
			path = mouseTests;
			sourceTree = "<group>";
		};
		2F3139681BFC013D0060668D /* mouseUITests */ = {
			isa = PBXGroup;
			children = (
				2F3139691BFC013D0060668D /* mouseUITests.m */,
				2F31396B1BFC013D0060668D /* Info.plist */,
			);
			path = mouseUITests;
			sourceTree = "<group>";
		};
		2F3139771BFC0E310060668D /* AFNetworking */ = {
			isa = PBXGroup;
			children = (
				2F3139781BFC0E310060668D /* AFHTTPRequestOperation.h */,
				2F3139791BFC0E310060668D /* AFHTTPRequestOperation.m */,
				2F31397A1BFC0E310060668D /* AFHTTPRequestOperationManager.h */,
				2F31397B1BFC0E310060668D /* AFHTTPRequestOperationManager.m */,
				2F31397C1BFC0E310060668D /* AFHTTPSessionManager.h */,
				2F31397D1BFC0E310060668D /* AFHTTPSessionManager.m */,
				2F31397E1BFC0E310060668D /* AFNetworking.h */,
				2F31397F1BFC0E310060668D /* AFNetworkReachabilityManager.h */,
				2F3139801BFC0E310060668D /* AFNetworkReachabilityManager.m */,
				2F3139811BFC0E310060668D /* AFSecurityPolicy.h */,
				2F3139821BFC0E310060668D /* AFSecurityPolicy.m */,
				2F3139831BFC0E310060668D /* AFURLConnectionOperation.h */,
				2F3139841BFC0E310060668D /* AFURLConnectionOperation.m */,
				2F3139851BFC0E310060668D /* AFURLRequestSerialization.h */,
				2F3139861BFC0E310060668D /* AFURLRequestSerialization.m */,
				2F3139871BFC0E310060668D /* AFURLResponseSerialization.h */,
				2F3139881BFC0E310060668D /* AFURLResponseSerialization.m */,
				2F3139891BFC0E310060668D /* AFURLSessionManager.h */,
				2F31398A1BFC0E310060668D /* AFURLSessionManager.m */,
			);
			name = AFNetworking;
			path = "../../../../../../Volumes/SeasaBook /06-多线程和网络/11月9日/代码/05-掌握-AFN发送GET和POST请求/05-掌握-AFN发送GET和POST请求/AFNetworking";
			sourceTree = "<group>";
		};
/* End PBXGroup section */

/* Begin PBXNativeTarget section */
		2F3139401BFC013D0060668D /* mouse */ = {
			isa = PBXNativeTarget;
			buildConfigurationList = 2F31396E1BFC013D0060668D /* Build configuration list for PBXNativeTarget "mouse" */;
			buildPhases = (
				2F31393D1BFC013D0060668D /* Sources */,
				2F31393E1BFC013D0060668D /* Frameworks */,
				2F31393F1BFC013D0060668D /* Resources */,
			);
			buildRules = (
			);
			dependencies = (
			);
			name = mouse;
			productName = mouse;
			productReference = 2F3139411BFC013D0060668D /* mouse.app */;
			productType = "com.apple.product-type.application";
		};
		2F3139591BFC013D0060668D /* mouseTests */ = {
			isa = PBXNativeTarget;
			buildConfigurationList = 2F3139711BFC013D0060668D /* Build configuration list for PBXNativeTarget "mouseTests" */;
			buildPhases = (
				2F3139561BFC013D0060668D /* Sources */,
				2F3139571BFC013D0060668D /* Frameworks */,
				2F3139581BFC013D0060668D /* Resources */,
			);
			buildRules = (
			);
			dependencies = (
				2F31395C1BFC013D0060668D /* PBXTargetDependency */,
			);
			name = mouseTests;
			productName = mouseTests;
			productReference = 2F31395A1BFC013D0060668D /* mouseTests.xctest */;
			productType = "com.apple.product-type.bundle.unit-test";
		};
		2F3139641BFC013D0060668D /* mouseUITests */ = {
			isa = PBXNativeTarget;
			buildConfigurationList = 2F3139741BFC013D0060668D /* Build configuration list for PBXNativeTarget "mouseUITests" */;
			buildPhases = (
				2F3139611BFC013D0060668D /* Sources */,
				2F3139621BFC013D0060668D /* Frameworks */,
				2F3139631BFC013D0060668D /* Resources */,
			);
			buildRules = (
			);
			dependencies = (
				2F3139671BFC013D0060668D /* PBXTargetDependency */,
			);
			name = mouseUITests;
			productName = mouseUITests;
			productReference = 2F3139651BFC013D0060668D /* mouseUITests.xctest */;
			productType = "com.apple.product-type.bundle.ui-testing";
		};
/* End PBXNativeTarget section */

/* Begin PBXProject section */
		2F3139391BFC013D0060668D /* Project object */ = {
			isa = PBXProject;
			attributes = {
				LastUpgradeCheck = 0710;
				ORGANIZATIONNAME = "刘 伟生";
				TargetAttributes = {
					2F3139401BFC013D0060668D = {
						CreatedOnToolsVersion = 7.1;
					};
					2F3139591BFC013D0060668D = {
						CreatedOnToolsVersion = 7.1;
						TestTargetID = 2F3139401BFC013D0060668D;
					};
					2F3139641BFC013D0060668D = {
						CreatedOnToolsVersion = 7.1;
						TestTargetID = 2F3139401BFC013D0060668D;
					};
				};
			};
			buildConfigurationList = 2F31393C1BFC013D0060668D /* Build configuration list for PBXProject "mouse" */;
			compatibilityVersion = "Xcode 3.2";
			developmentRegion = English;
			hasScannedForEncodings = 0;
			knownRegions = (
				en,
				Base,
			);
			mainGroup = 2F3139381BFC013D0060668D;
			productRefGroup = 2F3139421BFC013D0060668D /* Products */;
			projectDirPath = "";
			projectRoot = "";
			targets = (
				2F3139401BFC013D0060668D /* mouse */,
				2F3139591BFC013D0060668D /* mouseTests */,
				2F3139641BFC013D0060668D /* mouseUITests */,
			);
		};
/* End PBXProject section */

/* Begin PBXResourcesBuildPhase section */
		2F31393F1BFC013D0060668D /* Resources */ = {
			isa = PBXResourcesBuildPhase;
			buildActionMask = 2147483647;
			files = (
				2F3139541BFC013D0060668D /* LaunchScreen.storyboard in Resources */,
				2F1B6E181BFC60F90040B1AF /* WSCell.xib in Resources */,
				2F3139511BFC013D0060668D /* Assets.xcassets in Resources */,
				2F31394F1BFC013D0060668D /* Main.storyboard in Resources */,
			);
			runOnlyForDeploymentPostprocessing = 0;
		};
		2F3139581BFC013D0060668D /* Resources */ = {
			isa = PBXResourcesBuildPhase;
			buildActionMask = 2147483647;
			files = (
			);
			runOnlyForDeploymentPostprocessing = 0;
		};
		2F3139631BFC013D0060668D /* Resources */ = {
			isa = PBXResourcesBuildPhase;
			buildActionMask = 2147483647;
			files = (
			);
			runOnlyForDeploymentPostprocessing = 0;
		};
/* End PBXResourcesBuildPhase section */

/* Begin PBXSourcesBuildPhase section */
		2F31393D1BFC013D0060668D /* Sources */ = {
			isa = PBXSourcesBuildPhase;
			buildActionMask = 2147483647;
			files = (
				2F31398B1BFC0E310060668D /* AFHTTPRequestOperation.m in Sources */,
				2F31394C1BFC013D0060668D /* ViewController.m in Sources */,
				2F31398C1BFC0E310060668D /* AFHTTPRequestOperationManager.m in Sources */,
				2F31398E1BFC0E310060668D /* AFNetworkReachabilityManager.m in Sources */,
				2F3139921BFC0E310060668D /* AFURLResponseSerialization.m in Sources */,
				2F3139901BFC0E310060668D /* AFURLConnectionOperation.m in Sources */,
				2F31398F1BFC0E310060668D /* AFSecurityPolicy.m in Sources */,
				2F31398D1BFC0E310060668D /* AFHTTPSessionManager.m in Sources */,
				2F3139911BFC0E310060668D /* AFURLRequestSerialization.m in Sources */,
				2F1B6E161BFC60E60040B1AF /* WSCell.m in Sources */,
				2F3139931BFC0E310060668D /* AFURLSessionManager.m in Sources */,
				2F3139491BFC013D0060668D /* AppDelegate.m in Sources */,
				2F3139461BFC013D0060668D /* main.m in Sources */,
				2F1B6E131BFC5E850040B1AF /* WSexceple.m in Sources */,
			);
			runOnlyForDeploymentPostprocessing = 0;
		};
		2F3139561BFC013D0060668D /* Sources */ = {
			isa = PBXSourcesBuildPhase;
			buildActionMask = 2147483647;
			files = (
				2F31395F1BFC013D0060668D /* mouseTests.m in Sources */,
			);
			runOnlyForDeploymentPostprocessing = 0;
		};
		2F3139611BFC013D0060668D /* Sources */ = {
			isa = PBXSourcesBuildPhase;
			buildActionMask = 2147483647;
			files = (
				2F31396A1BFC013D0060668D /* mouseUITests.m in Sources */,
			);
			runOnlyForDeploymentPostprocessing = 0;
		};
/* End PBXSourcesBuildPhase section */

/* Begin PBXTargetDependency section */
		2F31395C1BFC013D0060668D /* PBXTargetDependency */ = {
			isa = PBXTargetDependency;
			target = 2F3139401BFC013D0060668D /* mouse */;
			targetProxy = 2F31395B1BFC013D0060668D /* PBXContainerItemProxy */;
		};
		2F3139671BFC013D0060668D /* PBXTargetDependency */ = {
			isa = PBXTargetDependency;
			target = 2F3139401BFC013D0060668D /* mouse */;
			targetProxy = 2F3139661BFC013D0060668D /* PBXContainerItemProxy */;
		};
/* End PBXTargetDependency section */

/* Begin PBXVariantGroup section */
		2F31394D1BFC013D0060668D /* Main.storyboard */ = {
			isa = PBXVariantGroup;
			children = (
				2F31394E1BFC013D0060668D /* Base */,
			);
			name = Main.storyboard;
			sourceTree = "<group>";
		};
		2F3139521BFC013D0060668D /* LaunchScreen.storyboard */ = {
			isa = PBXVariantGroup;
			children = (
				2F3139531BFC013D0060668D /* Base */,
			);
			name = LaunchScreen.storyboard;
			sourceTree = "<group>";
		};
/* End PBXVariantGroup section */

/* Begin XCBuildConfiguration section */
		2F31396C1BFC013D0060668D /* Debug */ = {
			isa = XCBuildConfiguration;
			buildSettings = {
				ALWAYS_SEARCH_USER_PATHS = NO;
				CLANG_CXX_LANGUAGE_STANDARD = "gnu++0x";
				CLANG_CXX_LIBRARY = "libc++";
				CLANG_ENABLE_MODULES = YES;
				CLANG_ENABLE_OBJC_ARC = YES;
				CLANG_WARN_BOOL_CONVERSION = YES;
				CLANG_WARN_CONSTANT_CONVERSION = YES;
				CLANG_WARN_DIRECT_OBJC_ISA_USAGE = YES_ERROR;
				CLANG_WARN_EMPTY_BODY = YES;
				CLANG_WARN_ENUM_CONVERSION = YES;
				CLANG_WARN_INT_CONVERSION = YES;
				CLANG_WARN_OBJC_ROOT_CLASS = YES_ERROR;
				CLANG_WARN_UNREACHABLE_CODE = YES;
				CLANG_WARN__DUPLICATE_METHOD_MATCH = YES;
				"CODE_SIGN_IDENTITY[sdk=iphoneos*]" = "iPhone Developer";
				COPY_PHASE_STRIP = NO;
				DEBUG_INFORMATION_FORMAT = dwarf;
				ENABLE_STRICT_OBJC_MSGSEND = YES;
				ENABLE_TESTABILITY = YES;
				GCC_C_LANGUAGE_STANDARD = gnu99;
				GCC_DYNAMIC_NO_PIC = NO;
				GCC_NO_COMMON_BLOCKS = YES;
				GCC_OPTIMIZATION_LEVEL = 0;
				GCC_PREPROCESSOR_DEFINITIONS = (
					"DEBUG=1",
					"$(inherited)",
				);
				GCC_WARN_64_TO_32_BIT_CONVERSION = YES;
				GCC_WARN_ABOUT_RETURN_TYPE = YES_ERROR;
				GCC_WARN_UNDECLARED_SELECTOR = YES;
				GCC_WARN_UNINITIALIZED_AUTOS = YES_AGGRESSIVE;
				GCC_WARN_UNUSED_FUNCTION = YES;
				GCC_WARN_UNUSED_VARIABLE = YES;
				IPHONEOS_DEPLOYMENT_TARGET = 9.1;
				MTL_ENABLE_DEBUG_INFO = YES;
				ONLY_ACTIVE_ARCH = YES;
				SDKROOT = iphoneos;
				TARGETED_DEVICE_FAMILY = "1,2";
			};
			name = Debug;
		};
		2F31396D1BFC013D0060668D /* Release */ = {
			isa = XCBuildConfiguration;
			buildSettings = {
				ALWAYS_SEARCH_USER_PATHS = NO;
				CLANG_CXX_LANGUAGE_STANDARD = "gnu++0x";
				CLANG_CXX_LIBRARY = "libc++";
				CLANG_ENABLE_MODULES = YES;
				CLANG_ENABLE_OBJC_ARC = YES;
				CLANG_WARN_BOOL_CONVERSION = YES;
				CLANG_WARN_CONSTANT_CONVERSION = YES;
				CLANG_WARN_DIRECT_OBJC_ISA_USAGE = YES_ERROR;
				CLANG_WARN_EMPTY_BODY = YES;
				CLANG_WARN_ENUM_CONVERSION = YES;
				CLANG_WARN_INT_CONVERSION = YES;
				CLANG_WARN_OBJC_ROOT_CLASS = YES_ERROR;
				CLANG_WARN_UNREACHABLE_CODE = YES;
				CLANG_WARN__DUPLICATE_METHOD_MATCH = YES;
				"CODE_SIGN_IDENTITY[sdk=iphoneos*]" = "iPhone Developer";
				COPY_PHASE_STRIP = NO;
				DEBUG_INFORMATION_FORMAT = "dwarf-with-dsym";
				ENABLE_NS_ASSERTIONS = NO;
				ENABLE_STRICT_OBJC_MSGSEND = YES;
				GCC_C_LANGUAGE_STANDARD = gnu99;
				GCC_NO_COMMON_BLOCKS = YES;
				GCC_WARN_64_TO_32_BIT_CONVERSION = YES;
				GCC_WARN_ABOUT_RETURN_TYPE = YES_ERROR;
				GCC_WARN_UNDECLARED_SELECTOR = YES;
				GCC_WARN_UNINITIALIZED_AUTOS = YES_AGGRESSIVE;
				GCC_WARN_UNUSED_FUNCTION = YES;
				GCC_WARN_UNUSED_VARIABLE = YES;
				IPHONEOS_DEPLOYMENT_TARGET = 9.1;
				MTL_ENABLE_DEBUG_INFO = NO;
				SDKROOT = iphoneos;
				TARGETED_DEVICE_FAMILY = "1,2";
				VALIDATE_PRODUCT = YES;
			};
			name = Release;
		};
		2F31396F1BFC013D0060668D /* Debug */ = {
			isa = XCBuildConfiguration;
			buildSettings = {
				ASSETCATALOG_COMPILER_APPICON_NAME = AppIcon;
				INFOPLIST_FILE = mouse/Info.plist;
				LD_RUNPATH_SEARCH_PATHS = "$(inherited) @executable_path/Frameworks";
				PRODUCT_BUNDLE_IDENTIFIER = com.lws.mouse;
				PRODUCT_NAME = "$(TARGET_NAME)";
			};
			name = Debug;
		};
		2F3139701BFC013D0060668D /* Release */ = {
			isa = XCBuildConfiguration;
			buildSettings = {
				ASSETCATALOG_COMPILER_APPICON_NAME = AppIcon;
				INFOPLIST_FILE = mouse/Info.plist;
				LD_RUNPATH_SEARCH_PATHS = "$(inherited) @executable_path/Frameworks";
				PRODUCT_BUNDLE_IDENTIFIER = com.lws.mouse;
				PRODUCT_NAME = "$(TARGET_NAME)";
			};
			name = Release;
		};
		2F3139721BFC013D0060668D /* Debug */ = {
			isa = XCBuildConfiguration;
			buildSettings = {
				BUNDLE_LOADER = "$(TEST_HOST)";
				INFOPLIST_FILE = mouseTests/Info.plist;
				LD_RUNPATH_SEARCH_PATHS = "$(inherited) @executable_path/Frameworks @loader_path/Frameworks";
				PRODUCT_BUNDLE_IDENTIFIER = com.lws.mouseTests;
				PRODUCT_NAME = "$(TARGET_NAME)";
				TEST_HOST = "$(BUILT_PRODUCTS_DIR)/mouse.app/mouse";
			};
			name = Debug;
		};
		2F3139731BFC013D0060668D /* Release */ = {
			isa = XCBuildConfiguration;
			buildSettings = {
				BUNDLE_LOADER = "$(TEST_HOST)";
				INFOPLIST_FILE = mouseTests/Info.plist;
				LD_RUNPATH_SEARCH_PATHS = "$(inherited) @executable_path/Frameworks @loader_path/Frameworks";
				PRODUCT_BUNDLE_IDENTIFIER = com.lws.mouseTests;
				PRODUCT_NAME = "$(TARGET_NAME)";
				TEST_HOST = "$(BUILT_PRODUCTS_DIR)/mouse.app/mouse";
			};
			name = Release;
		};
		2F3139751BFC013D0060668D /* Debug */ = {
			isa = XCBuildConfiguration;
			buildSettings = {
				INFOPLIST_FILE = mouseUITests/Info.plist;
				LD_RUNPATH_SEARCH_PATHS = "$(inherited) @executable_path/Frameworks @loader_path/Frameworks";
				PRODUCT_BUNDLE_IDENTIFIER = com.lws.mouseUITests;
				PRODUCT_NAME = "$(TARGET_NAME)";
				TEST_TARGET_NAME = mouse;
				USES_XCTRUNNER = YES;
			};
			name = Debug;
		};
		2F3139761BFC013D0060668D /* Release */ = {
			isa = XCBuildConfiguration;
			buildSettings = {
				INFOPLIST_FILE = mouseUITests/Info.plist;
				LD_RUNPATH_SEARCH_PATHS = "$(inherited) @executable_path/Frameworks @loader_path/Frameworks";
				PRODUCT_BUNDLE_IDENTIFIER = com.lws.mouseUITests;
				PRODUCT_NAME = "$(TARGET_NAME)";
				TEST_TARGET_NAME = mouse;
				USES_XCTRUNNER = YES;
			};
			name = Release;
		};
/* End XCBuildConfiguration section */

/* Begin XCConfigurationList section */
		2F31393C1BFC013D0060668D /* Build configuration list for PBXProject "mouse" */ = {
			isa = XCConfigurationList;
			buildConfigurations = (
				2F31396C1BFC013D0060668D /* Debug */,
				2F31396D1BFC013D0060668D /* Release */,
			);
			defaultConfigurationIsVisible = 0;
			defaultConfigurationName = Release;
		};
		2F31396E1BFC013D0060668D /* Build configuration list for PBXNativeTarget "mouse" */ = {
			isa = XCConfigurationList;
			buildConfigurations = (
				2F31396F1BFC013D0060668D /* Debug */,
				2F3139701BFC013D0060668D /* Release */,
			);
			defaultConfigurationIsVisible = 0;
			defaultConfigurationName = Release;
		};
		2F3139711BFC013D0060668D /* Build configuration list for PBXNativeTarget "mouseTests" */ = {
			isa = XCConfigurationList;
			buildConfigurations = (
				2F3139721BFC013D0060668D /* Debug */,
				2F3139731BFC013D0060668D /* Release */,
			);
			defaultConfigurationIsVisible = 0;
			defaultConfigurationName = Release;
		};
		2F3139741BFC013D0060668D /* Build configuration list for PBXNativeTarget "mouseUITests" */ = {
			isa = XCConfigurationList;
			buildConfigurations = (
				2F3139751BFC013D0060668D /* Debug */,
				2F3139761BFC013D0060668D /* Release */,
			);
			defaultConfigurationIsVisible = 0;
			defaultConfigurationName = Release;
		};
/* End XCConfigurationList section */
	};
	rootObject = 2F3139391BFC013D0060668D /* Project object */;
}
